
Microsoft Visual Studio Solution File, Format Version 12.00
# Visual Studio Version 16
VisualStudioVersion = 16.0.31624.102
MinimumVisualStudioVersion = 10.0.40219.1
Project("{FAE04EC0-301F-11D3-BF4B-00C04F79EFBC}") = "Models", "Models\Models.csproj", "{074CD402-31D5-456B-BDC1-7103C56B3FB6}"
EndProject
Project("{FAE04EC0-301F-11D3-BF4B-00C04F79EFBC}") = "Data", "Data\Data.csproj", "{765EBB59-8042-4225-B1D9-FB5FE20B060B}"
EndProject
Project("{FAE04EC0-301F-11D3-BF4B-00C04F79EFBC}") = "UI", "UI\UI.csproj", "{8D71DFCF-66F6-4C9E-B35F-12CA9BAC655D}"
EndProject
Global
	GlobalSection(SolutionConfigurationPlatforms) = preSolution
		Debug|Any CPU = Debug|Any CPU
		Release|Any CPU = Release|Any CPU
	EndGlobalSection
	GlobalSection(ProjectConfigurationPlatforms) = postSolution
		{074CD402-31D5-456B-BDC1-7103C56B3FB6}.Debug|Any CPU.ActiveCfg = Debug|Any CPU
		{074CD402-31D5-456B-BDC1-7103C56B3FB6}.Debug|Any CPU.Build.0 = Debug|Any CPU
		{074CD402-31D5-456B-BDC1-7103C56B3FB6}.Release|Any CPU.ActiveCfg = Release|Any CPU
		{074CD402-31D5-456B-BDC1-7103C56B3FB6}.Release|Any CPU.Build.0 = Release|Any CPU
		{765EBB59-8042-4225-B1D9-FB5FE20B060B}.Debug|Any CPU.ActiveCfg = Debug|Any CPU
		{765EBB59-8042-4225-B1D9-FB5FE20B060B}.Debug|Any CPU.Build.0 = Debug|Any CPU
		{765EBB59-8042-4225-B1D9-FB5FE20B060B}.Release|Any CPU.ActiveCfg = Release|Any CPU
		{765EBB59-8042-4225-B1D9-FB5FE20B060B}.Release|Any CPU.Build.0 = Release|Any CPU
		{8D71DFCF-66F6-4C9E-B35F-12CA9BAC655D}.Debug|Any CPU.ActiveCfg = Debug|Any CPU
		{8D71DFCF-66F6-4C9E-B35F-12CA9BAC655D}.Debug|Any CPU.Build.0 = Debug|Any CPU
		{8D71DFCF-66F6-4C9E-B35F-12CA9BAC655D}.Release|Any CPU.ActiveCfg = Release|Any CPU
		{8D71DFCF-66F6-4C9E-B35F-12CA9BAC655D}.Release|Any CPU.Build.0 = Release|Any CPU
	EndGlobalSection
	GlobalSection(SolutionProperties) = preSolution
		HideSolutionNode = FALSE
	EndGlobalSection
	GlobalSection(ExtensibilityGlobals) = postSolution
		SolutionGuid = {D79B1501-A388-4DC9-BC42-D9014193E439}
	EndGlobalSection
EndGlobal
